
Microsoft Visual Studio Solution File, Format Version 12.00
# Visual Studio 15
VisualStudioVersion = 15.0.26430.6
MinimumVisualStudioVersion = 10.0.40219.1
Project("{A0786B88-2ADB-4C21-ABE8-AA2D79766269}") = "Hazaar MVC", "Hazaar MVC.phpproj", "{F3C7152D-6FE6-4055-A097-0FA817F18EE9}"
EndProject
Project("{A0786B88-2ADB-4C21-ABE8-AA2D79766269}") = "Hazaar DBI", "..\hazaar-dbi\Hazaar DBI.phpproj", "{7E1CD0E8-6575-48F1-9A57-8B9B10CD400B}"
EndProject
Global
	GlobalSection(SolutionConfigurationPlatforms) = preSolution
		Debug|Any CPU = Debug|Any CPU
		Release|Any CPU = Release|Any CPU
	EndGlobalSection
	GlobalSection(ProjectConfigurationPlatforms) = postSolution
		{F3C7152D-6FE6-4055-A097-0FA817F18EE9}.Debug|Any CPU.ActiveCfg = Debug|Any CPU
		{F3C7152D-6FE6-4055-A097-0FA817F18EE9}.Release|Any CPU.ActiveCfg = Release|Any CPU
		{7E1CD0E8-6575-48F1-9A57-8B9B10CD400B}.Debug|Any CPU.ActiveCfg = Debug|Any CPU
		{7E1CD0E8-6575-48F1-9A57-8B9B10CD400B}.Release|Any CPU.ActiveCfg = Release|Any CPU
	EndGlobalSection
	GlobalSection(SolutionProperties) = preSolution
		HideSolutionNode = FALSE
	EndGlobalSection
EndGlobal
